github.com/google/go-cmp v0.6.0 h1:ofyhxvXcZhMsU5ulbFiLKl/XBFqE1GSq7atu8tAmTRI=
github.com/google/go-cmp v0.6.0/go.mod h1:17dUlkBOakJ0+DkrSSNjCkIjxS6bF9zb3elmeNGIjoY=
github.com/goplus/ixgo v1.1.6 h1:PyMuN/D3WYws5Kdq7hEZLDNzpwoNeHR6P50GhgOdZP4=
github.com/goplus/ixgo v1.1.6/go.mod h1:Vc7BueQfL4x7nrkYlvNz+xtMiCeABvQ562eymBORhBM=
github.com/goplus/reflectx v1.7.8 h1:93QqOlyMdbb05l5SrQbx9FLU2zXkvT89gcEdoNVFvWE=
github.com/goplus/reflectx v1.7.8/go.mod h1:EXX8KSPTmnb2W1PfyVkDC0Qwet0lYX2h2/S06Vhwrhw=
github.com/visualfc/funcval v0.1.5 h1:jR21zdx0pFk4nUzmutrFZL6EiRuMYR/ZaD+KOzTwyEk=
github.com/visualfc/funcval v0.1.5/go.mod h1:3Izv+irhArmrTvy+lmL6pIq16gSOzx73CIka51J9eR0=
github.com/visualfc/gid v0.3.5 h1:VTwRXFXV0eQGaZZbbnSDme1k5AHySQw2tcPHhUuYNrU=
github.com/visualfc/gid v0.3.5/go.mod h1:N0s4EB3rVkkKeAJTKCNYTyYJ9Z4ntg7AQ+FNBc2zBHw=
github.com/visualfc/goembed v0.3.4 h1:foORJ0KT/pKwA23dStPFOtxaW7F96PnNSiLXHVXrfVk=
github.com/visualfc/goembed v0.3.4/go.mod h1:jCVCz/yTJGyslo6Hta+pYxWWBuq9ADCcIVZBTQ0/iVI=
github.com/visualfc/xtype v0.3.3 h1:XnR+5mgVPaZdv3ZjcObsHEzFl7w2Wny/iYTivI+J8Xg=
github.com/visualfc/xtype v0.3.3/go.mod h1:VYIH9S2bmdWKlBb7c725ES6yKF9+pyHBU2SFNqGVMGM=
golang.org/x/arch v0.28.0 h1:wVwVdqsTuUbJvhYVCspQYwZXHNYeLSoZnmHD+ggddpQ=
golang.org/x/arch v0.28.0/go.mod h1:0X+GdSIP+kL5wPmpK7sdkEVTt2XoYP0cSjQSbZBwOi8=
golang.org/x/mod v0.39.0 h1:UF5zwQdCRRUpHfyPwr7d4UrGiVeldIsogtzWVnczL74=
golang.org/x/mod v0.39.0/go.mod h1:bvIbwjQ0HUFFf5AKukeeYQG4ZBUG9yxQbR9aEweIwYY=
golang.org/x/sync v0.22.0 h1:SZjpbeLmrCk4xhRSZFNZW5gFUeCeFgjekvI/+gfScek=
golang.org/x/sync v0.22.0/go.mod h1:9xrNwdLfx4jkKbNva9FpL6vEN7evnE43NNNJQ2LF3+0=
golang.org/x/sys v0.47.0 h1:o7XGOvZQCADBQQ4Y7VNq2dRWQR7JmOUW8Kxx4ZsNgWs=
golang.org/x/sys v0.47.0/go.mod h1:4GL1E5IUh+htKOUEOaiffhrAeqysfVGipDYzABqnCmw=
golang.org/x/tools v0.49.0 h1:3NI7VXzL9+1WZD52Dx2ttoPwD5DWrFGpl9mFZDlmisI=
golang.org/x/tools v0.49.0/go.mod h1:SJNXV9DBKT0UbdttsQjbfJlAE/q+y36++zo3uL3N0Oo=
